
Microsoft Visual Studio Solution File, Format Version 12.00
# Visual Studio Version 16
VisualStudioVersion = 16.0.29709.97
MinimumVisualStudioVersion = 10.0.40219.1
Project("{FAE04EC0-301F-11D3-BF4B-00C04F79EFBC}") = "RPS.Api", "RPS.Api\RPS.Api.csproj", "{E5D7C179-9155-4443-A4B7-5CFFF52BCDF6}"
EndProject
Project("{FAE04EC0-301F-11D3-BF4B-00C04F79EFBC}") = "RPSGameTestProject", "RPSGameTestProject\RPSGameTestProject.csproj", "{1143EC60-2B32-4D0C-B29F-6AFD65EA7B0A}"
EndProject
Project("{9A19103F-16F7-4668-BE54-9A1E7A4F7556}") = "RPSCore", "RPSCore\RPSCore.csproj", "{719A490A-4B6B-483F-9AF7-9376753ED313}"
EndProject
Global
	GlobalSection(SolutionConfigurationPlatforms) = preSolution
		Debug|Any CPU = Debug|Any CPU
		Release|Any CPU = Release|Any CPU
	EndGlobalSection
	GlobalSection(ProjectConfigurationPlatforms) = postSolution
		{E5D7C179-9155-4443-A4B7-5CFFF52BCDF6}.Debug|Any CPU.ActiveCfg = Debug|Any CPU
		{E5D7C179-9155-4443-A4B7-5CFFF52BCDF6}.Debug|Any CPU.Build.0 = Debug|Any CPU
		{E5D7C179-9155-4443-A4B7-5CFFF52BCDF6}.Release|Any CPU.ActiveCfg = Release|Any CPU
		{E5D7C179-9155-4443-A4B7-5CFFF52BCDF6}.Release|Any CPU.Build.0 = Release|Any CPU
		{1143EC60-2B32-4D0C-B29F-6AFD65EA7B0A}.Debug|Any CPU.ActiveCfg = Debug|Any CPU
		{1143EC60-2B32-4D0C-B29F-6AFD65EA7B0A}.Debug|Any CPU.Build.0 = Debug|Any CPU
		{1143EC60-2B32-4D0C-B29F-6AFD65EA7B0A}.Release|Any CPU.ActiveCfg = Release|Any CPU
		{1143EC60-2B32-4D0C-B29F-6AFD65EA7B0A}.Release|Any CPU.Build.0 = Release|Any CPU
		{719A490A-4B6B-483F-9AF7-9376753ED313}.Debug|Any CPU.ActiveCfg = Debug|Any CPU
		{719A490A-4B6B-483F-9AF7-9376753ED313}.Debug|Any CPU.Build.0 = Debug|Any CPU
		{719A490A-4B6B-483F-9AF7-9376753ED313}.Release|Any CPU.ActiveCfg = Release|Any CPU
		{719A490A-4B6B-483F-9AF7-9376753ED313}.Release|Any CPU.Build.0 = Release|Any CPU
	EndGlobalSection
	GlobalSection(SolutionProperties) = preSolution
		HideSolutionNode = FALSE
	EndGlobalSection
	GlobalSection(ExtensibilityGlobals) = postSolution
		SolutionGuid = {DA14201D-D581-4AE0-A931-44F248217B9B}
	EndGlobalSection
EndGlobal
